
Microsoft Visual Studio Solution File, Format Version 12.00
# Visual Studio Version 17
VisualStudioVersion = 17.3.32929.385
MinimumVisualStudioVersion = 10.0.40219.1
Project("{FAE04EC0-301F-11D3-BF4B-00C04F79EFBC}") = "CafeMaid", "CafeMaid\CafeMaid.csproj", "{5A5BF21A-ED1C-446D-B75B-A69A24726A88}"
EndProject
Global
	GlobalSection(SolutionConfigurationPlatforms) = preSolution
		Debug|Any CPU = Debug|Any CPU
		Release|Any CPU = Release|Any CPU
	EndGlobalSection
	GlobalSection(ProjectConfigurationPlatforms) = postSolution
		{5A5BF21A-ED1C-446D-B75B-A69A24726A88}.Debug|Any CPU.ActiveCfg = Debug|Any CPU
		{5A5BF21A-ED1C-446D-B75B-A69A24726A88}.Debug|Any CPU.Build.0 = Debug|Any CPU
		{5A5BF21A-ED1C-446D-B75B-A69A24726A88}.Release|Any CPU.ActiveCfg = Release|Any CPU
		{5A5BF21A-ED1C-446D-B75B-A69A24726A88}.Release|Any CPU.Build.0 = Release|Any CPU
	EndGlobalSection
	GlobalSection(SolutionProperties) = preSolution
		HideSolutionNode = FALSE
	EndGlobalSection
	GlobalSection(ExtensibilityGlobals) = postSolution
		SolutionGuid = {8E1A3EE9-B323-49A0-A72D-5F81E882A4FE}
	EndGlobalSection
EndGlobal
